
Microsoft Visual Studio Solution File, Format Version 12.00
Project("{FAE04EC0-301F-11D3-BF4B-00C04F79EFBC}") = "ManagedInjector.Lib", "ManagedInjector.Lib\ManagedInjector.Lib.csproj", "{FFAB3771-5AF9-431C-B3B8-39B8C79E791C}"
EndProject
Project("{FAE04EC0-301F-11D3-BF4B-00C04F79EFBC}") = "ManagedInjector.CLI", "ManagedInjector.CLI\ManagedInjector.CLI.csproj", "{4F7965E3-6CCE-45BA-9321-E07A0D08EC7F}"
EndProject
Global
	GlobalSection(SolutionConfigurationPlatforms) = preSolution
		Debug|Any CPU = Debug|Any CPU
		Release|Any CPU = Release|Any CPU
	EndGlobalSection
	GlobalSection(ProjectConfigurationPlatforms) = postSolution
		{FFAB3771-5AF9-431C-B3B8-39B8C79E791C}.Debug|Any CPU.ActiveCfg = Debug|Any CPU
		{FFAB3771-5AF9-431C-B3B8-39B8C79E791C}.Debug|Any CPU.Build.0 = Debug|Any CPU
		{FFAB3771-5AF9-431C-B3B8-39B8C79E791C}.Release|Any CPU.ActiveCfg = Release|Any CPU
		{FFAB3771-5AF9-431C-B3B8-39B8C79E791C}.Release|Any CPU.Build.0 = Release|Any CPU
		{4F7965E3-6CCE-45BA-9321-E07A0D08EC7F}.Debug|Any CPU.ActiveCfg = Debug|Any CPU
		{4F7965E3-6CCE-45BA-9321-E07A0D08EC7F}.Debug|Any CPU.Build.0 = Debug|Any CPU
		{4F7965E3-6CCE-45BA-9321-E07A0D08EC7F}.Release|Any CPU.ActiveCfg = Release|Any CPU
		{4F7965E3-6CCE-45BA-9321-E07A0D08EC7F}.Release|Any CPU.Build.0 = Release|Any CPU
	EndGlobalSection
EndGlobal
